
Microsoft Visual Studio Solution File, Format Version 12.00
# Visual Studio Version 17
VisualStudioVersion = 17.0.31903.59
MinimumVisualStudioVersion = 10.0.40219.1
Project("{2150E333-8FDC-42A3-9474-1A3956D46DE8}") = "src", "src", "{8C888B59-BB09-4FB4-9996-07DB08743265}"
EndProject
Project("{FAE04EC0-301F-11D3-BF4B-00C04F79EFBC}") = "PhotoDedupe.Core", "src\PhotoDedupe.Core\PhotoDedupe.Core.csproj", "{E37CBF84-BBED-48E4-ADCD-7188418110BE}"
EndProject
Project("{FAE04EC0-301F-11D3-BF4B-00C04F79EFBC}") = "PhotoDedupe.App", "src\PhotoDedupe.App\PhotoDedupe.App.csproj", "{A340CA77-5CC1-4B0B-88E3-7B7C60ACE527}"
EndProject
Project("{2150E333-8FDC-42A3-9474-1A3956D46DE8}") = "tests", "tests", "{936104AB-E577-463B-977E-19996123CBAE}"
EndProject
Project("{FAE04EC0-301F-11D3-BF4B-00C04F79EFBC}") = "PhotoDedupe.Core.Tests", "tests\PhotoDedupe.Core.Tests\PhotoDedupe.Core.Tests.csproj", "{9B9B786B-358E-425E-8AFC-DF630CA5C56F}"
EndProject
Global
	GlobalSection(SolutionConfigurationPlatforms) = preSolution
		Debug|Any CPU = Debug|Any CPU
		Release|Any CPU = Release|Any CPU
	EndGlobalSection
	GlobalSection(SolutionProperties) = preSolution
		HideSolutionNode = FALSE
	EndGlobalSection
	GlobalSection(ProjectConfigurationPlatforms) = postSolution
		{E37CBF84-BBED-48E4-ADCD-7188418110BE}.Debug|Any CPU.ActiveCfg = Debug|Any CPU
		{E37CBF84-BBED-48E4-ADCD-7188418110BE}.Debug|Any CPU.Build.0 = Debug|Any CPU
		{E37CBF84-BBED-48E4-ADCD-7188418110BE}.Release|Any CPU.ActiveCfg = Release|Any CPU
		{E37CBF84-BBED-48E4-ADCD-7188418110BE}.Release|Any CPU.Build.0 = Release|Any CPU
		{A340CA77-5CC1-4B0B-88E3-7B7C60ACE527}.Debug|Any CPU.ActiveCfg = Debug|Any CPU
		{A340CA77-5CC1-4B0B-88E3-7B7C60ACE527}.Debug|Any CPU.Build.0 = Debug|Any CPU
		{A340CA77-5CC1-4B0B-88E3-7B7C60ACE527}.Release|Any CPU.ActiveCfg = Release|Any CPU
		{A340CA77-5CC1-4B0B-88E3-7B7C60ACE527}.Release|Any CPU.Build.0 = Release|Any CPU
		{9B9B786B-358E-425E-8AFC-DF630CA5C56F}.Debug|Any CPU.ActiveCfg = Debug|Any CPU
		{9B9B786B-358E-425E-8AFC-DF630CA5C56F}.Debug|Any CPU.Build.0 = Debug|Any CPU
		{9B9B786B-358E-425E-8AFC-DF630CA5C56F}.Release|Any CPU.ActiveCfg = Release|Any CPU
		{9B9B786B-358E-425E-8AFC-DF630CA5C56F}.Release|Any CPU.Build.0 = Release|Any CPU
	EndGlobalSection
	GlobalSection(NestedProjects) = preSolution
		{E37CBF84-BBED-48E4-ADCD-7188418110BE} = {8C888B59-BB09-4FB4-9996-07DB08743265}
		{A340CA77-5CC1-4B0B-88E3-7B7C60ACE527} = {8C888B59-BB09-4FB4-9996-07DB08743265}
		{9B9B786B-358E-425E-8AFC-DF630CA5C56F} = {936104AB-E577-463B-977E-19996123CBAE}
	EndGlobalSection
EndGlobal
